
Microsoft Visual Studio Solution File, Format Version 12.00
# Visual Studio 2013
VisualStudioVersion = 12.0.31101.0
MinimumVisualStudioVersion = 10.0.40219.1
Project("{FAE04EC0-301F-11D3-BF4B-00C04F79EFBC}") = "JF.Azure.TableStorage", "JF.Azure.TableStorage\JF.Azure.TableStorage.csproj", "{6489B553-A273-4884-90DF-1AC8B01F9532}"
EndProject
Global
	GlobalSection(SolutionConfigurationPlatforms) = preSolution
		Debug|Any CPU = Debug|Any CPU
		Release|Any CPU = Release|Any CPU
	EndGlobalSection
	GlobalSection(ProjectConfigurationPlatforms) = postSolution
		{6489B553-A273-4884-90DF-1AC8B01F9532}.Debug|Any CPU.ActiveCfg = Debug|Any CPU
		{6489B553-A273-4884-90DF-1AC8B01F9532}.Debug|Any CPU.Build.0 = Debug|Any CPU
		{6489B553-A273-4884-90DF-1AC8B01F9532}.Release|Any CPU.ActiveCfg = Release|Any CPU
		{6489B553-A273-4884-90DF-1AC8B01F9532}.Release|Any CPU.Build.0 = Release|Any CPU
	EndGlobalSection
	GlobalSection(SolutionProperties) = preSolution
		HideSolutionNode = FALSE
	EndGlobalSection
EndGlobal
